{
  "version": 4,
  "terraform_version": "1.9.8",
  "serial": 11,
  "lineage": "3fe4b13b-1715-393e-eb87-96900cbbe6f0",
  "outputs": {},
  "resources": [
    {
      "mode": "managed",
      "type": "aws_iam_user",
      "name": "test_user",
      "provider": "provider[\"registry.terraform.io/hashicorp/aws\"]",
      "instances": [
        {
          "index_key": "dev",
          "schema_version": 0,
          "attributes": {
            "arn": "arn:aws:iam::779846799264:user/kumar",
            "force_destroy": false,
            "id": "kumar",
            "name": "kumar",
            "path": "/",
            "permissions_boundary": "",
            "tags": {
              "Environment": "dev"
            },
            "tags_all": {
              "Environment": "dev"
            },
            "unique_id": "AIDA3LET5Z6QIZFLXPYIL"
          },
          "sensitive_attributes": [],
          "private": "bnVsbA=="
        },
        {
          "index_key": "prod",
          "schema_version": 0,
          "attributes": {
            "arn": "arn:aws:iam::779846799264:user/ram",
            "force_destroy": false,
            "id": "ram",
            "name": "ram",
            "path": "/",
            "permissions_boundary": "",
            "tags": {
              "Environment": "prod"
            },
            "tags_all": {
              "Environment": "prod"
            },
            "unique_id": "AIDA3LET5Z6QKWWQ5NOKL"
          },
          "sensitive_attributes": [],
          "private": "bnVsbA=="
        },
        {
          "index_key": "test",
          "schema_version": 0,
          "attributes": {
            "arn": "arn:aws:iam::779846799264:user/pavan",
            "force_destroy": false,
            "id": "pavan",
            "name": "pavan",
            "path": "/",
            "permissions_boundary": "",
            "tags": {
              "Environment": "test"
            },
            "tags_all": {
              "Environment": "test"
            },
            "unique_id": "AIDA3LET5Z6QJLBAYZ2R3"
          },
          "sensitive_attributes": [],
          "private": "bnVsbA=="
        }
      ]
    }
  ],
  "check_results": null
}
